
Microsoft Visual Studio Solution File, Format Version 12.00
# Visual Studio Version 16
VisualStudioVersion = 16.0.32126.315
MinimumVisualStudioVersion = 10.0.40219.1
Project("{FAE04EC0-301F-11D3-BF4B-00C04F79EFBC}") = "HesapMakinesi.Android", "HesapMakinesi\HesapMakinesi.Android\HesapMakinesi.Android.csproj", "{A05ADAA5-AFFB-4175-9B0F-F8687FB785EA}"
EndProject
Project("{FAE04EC0-301F-11D3-BF4B-00C04F79EFBC}") = "HesapMakinesi", "HesapMakinesi\HesapMakinesi\HesapMakinesi.csproj", "{E4A601B2-9E02-4C68-B384-07B0E2C2B614}"
EndProject
Global
	GlobalSection(SolutionConfigurationPlatforms) = preSolution
		Debug|Any CPU = Debug|Any CPU
		Release|Any CPU = Release|Any CPU
	EndGlobalSection
	GlobalSection(ProjectConfigurationPlatforms) = postSolution
		{A05ADAA5-AFFB-4175-9B0F-F8687FB785EA}.Debug|Any CPU.ActiveCfg = Debug|Any CPU
		{A05ADAA5-AFFB-4175-9B0F-F8687FB785EA}.Debug|Any CPU.Build.0 = Debug|Any CPU
		{A05ADAA5-AFFB-4175-9B0F-F8687FB785EA}.Debug|Any CPU.Deploy.0 = Debug|Any CPU
		{A05ADAA5-AFFB-4175-9B0F-F8687FB785EA}.Release|Any CPU.ActiveCfg = Release|Any CPU
		{A05ADAA5-AFFB-4175-9B0F-F8687FB785EA}.Release|Any CPU.Build.0 = Release|Any CPU
		{A05ADAA5-AFFB-4175-9B0F-F8687FB785EA}.Release|Any CPU.Deploy.0 = Release|Any CPU
		{E4A601B2-9E02-4C68-B384-07B0E2C2B614}.Debug|Any CPU.ActiveCfg = Debug|Any CPU
		{E4A601B2-9E02-4C68-B384-07B0E2C2B614}.Debug|Any CPU.Build.0 = Debug|Any CPU
		{E4A601B2-9E02-4C68-B384-07B0E2C2B614}.Debug|Any CPU.Deploy.0 = Debug|Any CPU
		{E4A601B2-9E02-4C68-B384-07B0E2C2B614}.Release|Any CPU.ActiveCfg = Release|Any CPU
		{E4A601B2-9E02-4C68-B384-07B0E2C2B614}.Release|Any CPU.Build.0 = Release|Any CPU
		{E4A601B2-9E02-4C68-B384-07B0E2C2B614}.Release|Any CPU.Deploy.0 = Release|Any CPU
	EndGlobalSection
	GlobalSection(SolutionProperties) = preSolution
		HideSolutionNode = FALSE
	EndGlobalSection
	GlobalSection(ExtensibilityGlobals) = postSolution
		SolutionGuid = {46D7CBF0-572C-4DED-B0F8-F61CE7701EB6}
	EndGlobalSection
EndGlobal
